Microsoft Visual Studio Solution File, Format Version 11.00
# Visual Studio 2008

Project("{034BA571-0292-A2A6-9961-39848B42183A}") = "Goalkeeper", "Assembly-CSharp-firstpass.csproj", "{D45F492F-76A4-0329-005B-2F799E659A76}"
EndProject
Project("{034BA571-0292-A2A6-9961-39848B42183A}") = "Goalkeeper", "Assembly-CSharp.csproj", "{10A4BFB2-275D-1DEE-D79E-72D1E2927264}"
EndProject
Project("{034BA571-0292-A2A6-9961-39848B42183A}") = "Goalkeeper", "Assembly-UnityScript-firstpass.unityproj", "{9042459C-E566-59FE-4D29-7020D0B6C071}"
EndProject
Global
	GlobalSection(SolutionConfigurationPlatforms) = preSolution
		Debug|Any CPU = Debug|Any CPU
		Release|Any CPU = Release|Any CPU
	EndGlobalSection
	GlobalSection(ProjectConfigurationPlatforms) = postSolution
		{D45F492F-76A4-0329-005B-2F799E659A76}.Debug|Any CPU.ActiveCfg = Debug|Any CPU
		{D45F492F-76A4-0329-005B-2F799E659A76}.Debug|Any CPU.Build.0 = Debug|Any CPU
		{D45F492F-76A4-0329-005B-2F799E659A76}.Release|Any CPU.ActiveCfg = Release|Any CPU
		{D45F492F-76A4-0329-005B-2F799E659A76}.Release|Any CPU.Build.0 = Release|Any CPU
		{10A4BFB2-275D-1DEE-D79E-72D1E2927264}.Debug|Any CPU.ActiveCfg = Debug|Any CPU
		{10A4BFB2-275D-1DEE-D79E-72D1E2927264}.Debug|Any CPU.Build.0 = Debug|Any CPU
		{10A4BFB2-275D-1DEE-D79E-72D1E2927264}.Release|Any CPU.ActiveCfg = Release|Any CPU
		{10A4BFB2-275D-1DEE-D79E-72D1E2927264}.Release|Any CPU.Build.0 = Release|Any CPU
		{9042459C-E566-59FE-4D29-7020D0B6C071}.Debug|Any CPU.ActiveCfg = Debug|Any CPU
		{9042459C-E566-59FE-4D29-7020D0B6C071}.Debug|Any CPU.Build.0 = Debug|Any CPU
		{9042459C-E566-59FE-4D29-7020D0B6C071}.Release|Any CPU.ActiveCfg = Release|Any CPU
		{9042459C-E566-59FE-4D29-7020D0B6C071}.Release|Any CPU.Build.0 = Release|Any CPU
	EndGlobalSection
	GlobalSection(SolutionProperties) = preSolution
		HideSolutionNode = FALSE
	EndGlobalSection
							GlobalSection(MonoDevelopProperties) = preSolution
		StartupItem = Assembly-CSharp.csproj
		Policies = $0
		$0.TextStylePolicy = $1
		$1.inheritsSet = null
		$1.scope = text/x-csharp
		$0.CSharpFormattingPolicy = $2
		$2.inheritsSet = Mono
		$2.inheritsScope = text/x-csharp
		$2.scope = text/x-csharp
		$0.TextStylePolicy = $3
		$3.FileWidth = 120
		$3.TabWidth = 4
		$3.EolMarker = Unix
		$3.inheritsSet = Mono
		$3.inheritsScope = text/plain
		$3.scope = text/plain
	EndGlobalSection

EndGlobal
