Microsoft Visual Studio Solution File, Format Version 10.00
# Visual Studio 2008

Project("{1350B15F-87CD-24FF-5DE6-31955494E0ED}") = "PrimeSense - Wall", "Assembly-CSharp.csproj", "{90F3531F-ED7A-C502-97C1-80C2AC680208}"
EndProject
Project("{1350B15F-87CD-24FF-5DE6-31955494E0ED}") = "PrimeSense - Wall", "Assembly-UnityScript-firstpass.unityproj", "{E4194947-ADB3-DFDC-2204-0E45C7016479}"
EndProject
Global
	GlobalSection(SolutionConfigurationPlatforms) = preSolution
		Debug|Any CPU = Debug|Any CPU
		Release|Any CPU = Release|Any CPU
	EndGlobalSection
	GlobalSection(ProjectConfigurationPlatforms) = postSolution
		{90F3531F-ED7A-C502-97C1-80C2AC680208}.Debug|Any CPU.ActiveCfg = Debug|Any CPU
		{90F3531F-ED7A-C502-97C1-80C2AC680208}.Debug|Any CPU.Build.0 = Debug|Any CPU
		{90F3531F-ED7A-C502-97C1-80C2AC680208}.Release|Any CPU.ActiveCfg = Release|Any CPU
		{90F3531F-ED7A-C502-97C1-80C2AC680208}.Release|Any CPU.Build.0 = Release|Any CPU
		{E4194947-ADB3-DFDC-2204-0E45C7016479}.Debug|Any CPU.ActiveCfg = Debug|Any CPU
		{E4194947-ADB3-DFDC-2204-0E45C7016479}.Debug|Any CPU.Build.0 = Debug|Any CPU
		{E4194947-ADB3-DFDC-2204-0E45C7016479}.Release|Any CPU.ActiveCfg = Release|Any CPU
		{E4194947-ADB3-DFDC-2204-0E45C7016479}.Release|Any CPU.Build.0 = Release|Any CPU
	EndGlobalSection
	GlobalSection(SolutionProperties) = preSolution
		HideSolutionNode = FALSE
	EndGlobalSection
	
EndGlobal
